
Microsoft Visual Studio Solution File, Format Version 12.00
# Visual Studio Version 17
VisualStudioVersion = 17.5.33516.290
MinimumVisualStudioVersion = 10.0.40219.1
Project("{9A19103F-16F7-4668-BE54-9A1E7A4F7556}") = "Ejercicio_I01", "Ejericicio_01\Ejercicio_I01.csproj", "{38E9FBA5-37FD-406D-B01A-0679DDD0A0EE}"
EndProject
Project("{9A19103F-16F7-4668-BE54-9A1E7A4F7556}") = "Ejercicio_I02", "Ejercicio_I02\Ejercicio_I02.csproj", "{64706CD6-DFF4-4413-8BD0-A92A68599137}"
EndProject
Project("{9A19103F-16F7-4668-BE54-9A1E7A4F7556}") = "Ejercicio_I03", "Ejercicio_I03\Ejercicio_I03.csproj", "{FC19AE09-DFD0-4B08-88EE-D2B01450A0FD}"
EndProject
Project("{9A19103F-16F7-4668-BE54-9A1E7A4F7556}") = "Ejercicio_I04", "Ejercicio_I04\Ejercicio_I04.csproj", "{04D746B7-CE7A-4674-ABCD-C08A62EDE03D}"
EndProject
Project("{9A19103F-16F7-4668-BE54-9A1E7A4F7556}") = "CM_Ejercicio_I03", "TranformarBinarios\CM_Ejercicio_I03.csproj", "{E1DA51A8-9EFC-4E7E-92A6-2FAD13819679}"
EndProject
Project("{9A19103F-16F7-4668-BE54-9A1E7A4F7556}") = "Ejercicio_I05", "Ejercicio_I05\Ejercicio_I05.csproj", "{4F1FC55A-BF55-408E-94AC-82A59E2A16A1}"
EndProject
Project("{9A19103F-16F7-4668-BE54-9A1E7A4F7556}") = "CM_Ejercicio_I04", "Calculadora\CM_Ejercicio_I04.csproj", "{39CB2844-8517-4B39-BEA9-4773678701AC}"
EndProject
Project("{9A19103F-16F7-4668-BE54-9A1E7A4F7556}") = "Ejercicio_I06", "Ejercicio_I06\Ejercicio_I06.csproj", "{6EE7F98C-C37A-4E0E-8BFB-A294DC561BF1}"
EndProject
Project("{9A19103F-16F7-4668-BE54-9A1E7A4F7556}") = "Ejercicio_I07", "Ejercicio_I07\Ejercicio_I07.csproj", "{9447C684-3253-438C-B833-96A2B5866657}"
EndProject
Project("{9A19103F-16F7-4668-BE54-9A1E7A4F7556}") = "POO_Ejercicio_01", "POO_Ejercicio_01\POO_Ejercicio_01.csproj", "{D1D19556-AAFB-4D36-AADC-45C5481C75D7}"
EndProject
Project("{9A19103F-16F7-4668-BE54-9A1E7A4F7556}") = "Ejercicio_I08", "Ejercicio_I08\Ejercicio_I08.csproj", "{AC4A87CB-1EBE-4ABB-A3E1-29E1CCC85A57}"
EndProject
Project("{9A19103F-16F7-4668-BE54-9A1E7A4F7556}") = "Ejercicio_I09", "Ejercicio_I09\Ejercicio_I09.csproj", "{B1ADE9D9-732A-452E-93D8-06674C85103C}"
EndProject
Project("{9A19103F-16F7-4668-BE54-9A1E7A4F7556}") = "CM_ Ejercicio_I01", "CM_ Ejercicio_I01\CM_ Ejercicio_I01.csproj", "{40CB68A6-3C9F-492A-8582-487835E7D64D}"
EndProject
Project("{9A19103F-16F7-4668-BE54-9A1E7A4F7556}") = "CM_Ejercicio_I02", "CM_Ejercicio_I02\CM_Ejercicio_I02.csproj", "{110FD6BE-8B42-4844-A2FD-2DB9D4FE0FC4}"
EndProject
Project("{9A19103F-16F7-4668-BE54-9A1E7A4F7556}") = "POO_Ejercicio_I03", "POO_Ejercicio_I03\POO_Ejercicio_I03.csproj", "{B25BB3A4-5D0B-4ED3-B6B1-678D650B960F}"
EndProject
Project("{9A19103F-16F7-4668-BE54-9A1E7A4F7556}") = "POO_Ejercicio_I04", "POO_Ejercicio_I04\POO_Ejercicio_I04.csproj", "{F7ECA7CD-C484-42ED-8EA1-B0D433DE7393}"
EndProject
Project("{9A19103F-16F7-4668-BE54-9A1E7A4F7556}") = "SC_Ejercico_I02", "SC_Ejercico_I02\SC_Ejercico_I02.csproj", "{40B260DB-766D-4D48-834B-2EF0A6DF39BC}"
EndProject
Project("{9A19103F-16F7-4668-BE54-9A1E7A4F7556}") = "Sc_Billetes", "Billetes\Sc_Billetes.csproj", "{B90734BA-DCF2-412D-8900-3B340EF7E630}"
EndProject
Project("{9A19103F-16F7-4668-BE54-9A1E7A4F7556}") = "CM_Ejercicio_I05", "CM_Ejercicio_05\CM_Ejercicio_I05.csproj", "{505B6DF2-1496-412D-A47B-1436735C007F}"
EndProject
Project("{9A19103F-16F7-4668-BE54-9A1E7A4F7556}") = "CL_Ejercicio_C02", "CL_Ejercicio_C02\CL_Ejercicio_C02.csproj", "{D7A88283-CA28-4B11-9D87-5715D9954CFE}"
EndProject
Project("{9A19103F-16F7-4668-BE54-9A1E7A4F7556}") = "CL_EnciendanSusMotores", "CL_EnciendanSusMotores\CL_EnciendanSusMotores.csproj", "{F6EA6FE9-D176-453F-9B16-246D6DAFEB54}"
EndProject
Project("{9A19103F-16F7-4668-BE54-9A1E7A4F7556}") = "CM_EjercicioA_01", "CM_EjercicioA_01\CM_EjercicioA_01.csproj", "{D80026C4-1AA1-4FB0-93BA-91AA8428D0C3}"
EndProject
Project("{9A19103F-16F7-4668-BE54-9A1E7A4F7556}") = "CM_Ejercicio_I06", "CM_Ejercicio_I06\CM_Ejercicio_I06.csproj", "{07250B1A-ACFD-4655-B6FC-2B5E1EC6FA2B}"
EndProject
Project("{9A19103F-16F7-4668-BE54-9A1E7A4F7556}") = "CM_Ejercicio_I07", "CM_Ejercicio_I07\CM_Ejercicio_I07.csproj", "{BF0F7F10-4AA3-4083-925B-0F524264050B}"
EndProject
Project("{9A19103F-16F7-4668-BE54-9A1E7A4F7556}") = "CM_EJercicio_I08", "CM_EJercicio_I08\CM_EJercicio_I08.csproj", "{F97FB3F7-ED20-4AB2-AF26-6D8DC457110F}"
EndProject
Project("{9A19103F-16F7-4668-BE54-9A1E7A4F7556}") = "POO_Ejercicio_I05", "POO_Ejercicio_I05\POO_Ejercicio_I05.csproj", "{AAAD5974-2E5D-4258-B58F-1841C48F6EFD}"
EndProject
Project("{2150E333-8FDC-42A3-9474-1A3956D46DE8}") = "Introduccion .Net", "Introduccion .Net", "{1EA8F256-D68C-4B5E-9821-CCED622FB8AB}"
EndProject
Project("{2150E333-8FDC-42A3-9474-1A3956D46DE8}") = "Clases y metodos", "Clases y metodos", "{BD4A7775-C1DE-4B0F-B857-9139C5755296}"
EndProject
Project("{2150E333-8FDC-42A3-9474-1A3956D46DE8}") = "Programacion orientada a objetos", "Programacion orientada a objetos", "{E7835376-A329-40B9-BD46-BC108695A0C0}"
EndProject
Project("{2150E333-8FDC-42A3-9474-1A3956D46DE8}") = "Sobrecargas", "Sobrecargas", "{2641FB80-11AC-400F-9329-9F183D8C57F7}"
EndProject
Project("{2150E333-8FDC-42A3-9474-1A3956D46DE8}") = "Colecciones", "Colecciones", "{93E0E603-3F4F-456F-82F1-BA188B7F7075}"
EndProject
Project("{9A19103F-16F7-4668-BE54-9A1E7A4F7556}") = "WF_Ejercicio_C03", "WF_Ejercicio_C03\WF_Ejercicio_C03.csproj", "{690AB8D3-445E-4D27-BEC0-1EC8C4B79C22}"
EndProject
Project("{9A19103F-16F7-4668-BE54-9A1E7A4F7556}") = "WF_Conversor", "WF_Conversor\WF_Conversor.csproj", "{C53427BE-8B3C-4768-AFB5-74E3EF916930}"
EndProject
Project("{9A19103F-16F7-4668-BE54-9A1E7A4F7556}") = "SC_Temperatura", "SC_Temperatura\SC_Temperatura.csproj", "{B2D4F919-791D-4442-8482-7FC6B16E1248}"
EndProject
Project("{9A19103F-16F7-4668-BE54-9A1E7A4F7556}") = "CL_Ejercicio_C03", "CL_Ejercicio_C03\CL_Ejercicio_C03.csproj", "{94567936-2E6C-4F12-846E-15FCDFEFDB0D}"
EndProject
Project("{9A19103F-16F7-4668-BE54-9A1E7A4F7556}") = "WF_Ejercicio_I01", "WF_Ejercicio_I01\WF_Ejercicio_I01.csproj", "{A1E94B61-5CD7-4594-8DA0-65CE23209AE3}"
EndProject
Project("{9A19103F-16F7-4668-BE54-9A1E7A4F7556}") = "WF_Ingresante", "WF_Ingresante\WF_Ingresante.csproj", "{76291971-FB84-46DE-AB74-F7F3E3085264}"
EndProject
Project("{2150E333-8FDC-42A3-9474-1A3956D46DE8}") = "Windows forms", "Windows forms", "{A8F4444F-ED98-4EC4-9B7A-3D28DB152192}"
EndProject
Global
	GlobalSection(SolutionConfigurationPlatforms) = preSolution
		Debug|Any CPU = Debug|Any CPU
		Release|Any CPU = Release|Any CPU
	EndGlobalSection
	GlobalSection(ProjectConfigurationPlatforms) = postSolution
		{38E9FBA5-37FD-406D-B01A-0679DDD0A0EE}.Debug|Any CPU.ActiveCfg = Debug|Any CPU
		{38E9FBA5-37FD-406D-B01A-0679DDD0A0EE}.Debug|Any CPU.Build.0 = Debug|Any CPU
		{38E9FBA5-37FD-406D-B01A-0679DDD0A0EE}.Release|Any CPU.ActiveCfg = Release|Any CPU
		{38E9FBA5-37FD-406D-B01A-0679DDD0A0EE}.Release|Any CPU.Build.0 = Release|Any CPU
		{64706CD6-DFF4-4413-8BD0-A92A68599137}.Debug|Any CPU.ActiveCfg = Debug|Any CPU
		{64706CD6-DFF4-4413-8BD0-A92A68599137}.Debug|Any CPU.Build.0 = Debug|Any CPU
		{64706CD6-DFF4-4413-8BD0-A92A68599137}.Release|Any CPU.ActiveCfg = Release|Any CPU
		{64706CD6-DFF4-4413-8BD0-A92A68599137}.Release|Any CPU.Build.0 = Release|Any CPU
		{FC19AE09-DFD0-4B08-88EE-D2B01450A0FD}.Debug|Any CPU.ActiveCfg = Debug|Any CPU
		{FC19AE09-DFD0-4B08-88EE-D2B01450A0FD}.Debug|Any CPU.Build.0 = Debug|Any CPU
		{FC19AE09-DFD0-4B08-88EE-D2B01450A0FD}.Release|Any CPU.ActiveCfg = Release|Any CPU
		{FC19AE09-DFD0-4B08-88EE-D2B01450A0FD}.Release|Any CPU.Build.0 = Release|Any CPU
		{04D746B7-CE7A-4674-ABCD-C08A62EDE03D}.Debug|Any CPU.ActiveCfg = Debug|Any CPU
		{04D746B7-CE7A-4674-ABCD-C08A62EDE03D}.Debug|Any CPU.Build.0 = Debug|Any CPU
		{04D746B7-CE7A-4674-ABCD-C08A62EDE03D}.Release|Any CPU.ActiveCfg = Release|Any CPU
		{04D746B7-CE7A-4674-ABCD-C08A62EDE03D}.Release|Any CPU.Build.0 = Release|Any CPU
		{E1DA51A8-9EFC-4E7E-92A6-2FAD13819679}.Debug|Any CPU.ActiveCfg = Debug|Any CPU
		{E1DA51A8-9EFC-4E7E-92A6-2FAD13819679}.Debug|Any CPU.Build.0 = Debug|Any CPU
		{E1DA51A8-9EFC-4E7E-92A6-2FAD13819679}.Release|Any CPU.ActiveCfg = Release|Any CPU
		{E1DA51A8-9EFC-4E7E-92A6-2FAD13819679}.Release|Any CPU.Build.0 = Release|Any CPU
		{4F1FC55A-BF55-408E-94AC-82A59E2A16A1}.Debug|Any CPU.ActiveCfg = Debug|Any CPU
		{4F1FC55A-BF55-408E-94AC-82A59E2A16A1}.Debug|Any CPU.Build.0 = Debug|Any CPU
		{4F1FC55A-BF55-408E-94AC-82A59E2A16A1}.Release|Any CPU.ActiveCfg = Release|Any CPU
		{4F1FC55A-BF55-408E-94AC-82A59E2A16A1}.Release|Any CPU.Build.0 = Release|Any CPU
		{39CB2844-8517-4B39-BEA9-4773678701AC}.Debug|Any CPU.ActiveCfg = Debug|Any CPU
		{39CB2844-8517-4B39-BEA9-4773678701AC}.Debug|Any CPU.Build.0 = Debug|Any CPU
		{39CB2844-8517-4B39-BEA9-4773678701AC}.Release|Any CPU.ActiveCfg = Release|Any CPU
		{39CB2844-8517-4B39-BEA9-4773678701AC}.Release|Any CPU.Build.0 = Release|Any CPU
		{6EE7F98C-C37A-4E0E-8BFB-A294DC561BF1}.Debug|Any CPU.ActiveCfg = Debug|Any CPU
		{6EE7F98C-C37A-4E0E-8BFB-A294DC561BF1}.Debug|Any CPU.Build.0 = Debug|Any CPU
		{6EE7F98C-C37A-4E0E-8BFB-A294DC561BF1}.Release|Any CPU.ActiveCfg = Release|Any CPU
		{6EE7F98C-C37A-4E0E-8BFB-A294DC561BF1}.Release|Any CPU.Build.0 = Release|Any CPU
		{9447C684-3253-438C-B833-96A2B5866657}.Debug|Any CPU.ActiveCfg = Debug|Any CPU
		{9447C684-3253-438C-B833-96A2B5866657}.Debug|Any CPU.Build.0 = Debug|Any CPU
		{9447C684-3253-438C-B833-96A2B5866657}.Release|Any CPU.ActiveCfg = Release|Any CPU
		{9447C684-3253-438C-B833-96A2B5866657}.Release|Any CPU.Build.0 = Release|Any CPU
		{D1D19556-AAFB-4D36-AADC-45C5481C75D7}.Debug|Any CPU.ActiveCfg = Debug|Any CPU
		{D1D19556-AAFB-4D36-AADC-45C5481C75D7}.Debug|Any CPU.Build.0 = Debug|Any CPU
		{D1D19556-AAFB-4D36-AADC-45C5481C75D7}.Release|Any CPU.ActiveCfg = Release|Any CPU
		{D1D19556-AAFB-4D36-AADC-45C5481C75D7}.Release|Any CPU.Build.0 = Release|Any CPU
		{AC4A87CB-1EBE-4ABB-A3E1-29E1CCC85A57}.Debug|Any CPU.ActiveCfg = Debug|Any CPU
		{AC4A87CB-1EBE-4ABB-A3E1-29E1CCC85A57}.Debug|Any CPU.Build.0 = Debug|Any CPU
		{AC4A87CB-1EBE-4ABB-A3E1-29E1CCC85A57}.Release|Any CPU.ActiveCfg = Release|Any CPU
		{AC4A87CB-1EBE-4ABB-A3E1-29E1CCC85A57}.Release|Any CPU.Build.0 = Release|Any CPU
		{B1ADE9D9-732A-452E-93D8-06674C85103C}.Debug|Any CPU.ActiveCfg = Debug|Any CPU
		{B1ADE9D9-732A-452E-93D8-06674C85103C}.Debug|Any CPU.Build.0 = Debug|Any CPU
		{B1ADE9D9-732A-452E-93D8-06674C85103C}.Release|Any CPU.ActiveCfg = Release|Any CPU
		{B1ADE9D9-732A-452E-93D8-06674C85103C}.Release|Any CPU.Build.0 = Release|Any CPU
		{40CB68A6-3C9F-492A-8582-487835E7D64D}.Debug|Any CPU.ActiveCfg = Debug|Any CPU
		{40CB68A6-3C9F-492A-8582-487835E7D64D}.Debug|Any CPU.Build.0 = Debug|Any CPU
		{40CB68A6-3C9F-492A-8582-487835E7D64D}.Release|Any CPU.ActiveCfg = Release|Any CPU
		{40CB68A6-3C9F-492A-8582-487835E7D64D}.Release|Any CPU.Build.0 = Release|Any CPU
		{110FD6BE-8B42-4844-A2FD-2DB9D4FE0FC4}.Debug|Any CPU.ActiveCfg = Debug|Any CPU
		{110FD6BE-8B42-4844-A2FD-2DB9D4FE0FC4}.Debug|Any CPU.Build.0 = Debug|Any CPU
		{110FD6BE-8B42-4844-A2FD-2DB9D4FE0FC4}.Release|Any CPU.ActiveCfg = Release|Any CPU
		{110FD6BE-8B42-4844-A2FD-2DB9D4FE0FC4}.Release|Any CPU.Build.0 = Release|Any CPU
		{B25BB3A4-5D0B-4ED3-B6B1-678D650B960F}.Debug|Any CPU.ActiveCfg = Debug|Any CPU
		{B25BB3A4-5D0B-4ED3-B6B1-678D650B960F}.Debug|Any CPU.Build.0 = Debug|Any CPU
		{B25BB3A4-5D0B-4ED3-B6B1-678D650B960F}.Release|Any CPU.ActiveCfg = Release|Any CPU
		{B25BB3A4-5D0B-4ED3-B6B1-678D650B960F}.Release|Any CPU.Build.0 = Release|Any CPU
		{F7ECA7CD-C484-42ED-8EA1-B0D433DE7393}.Debug|Any CPU.ActiveCfg = Debug|Any CPU
		{F7ECA7CD-C484-42ED-8EA1-B0D433DE7393}.Debug|Any CPU.Build.0 = Debug|Any CPU
		{F7ECA7CD-C484-42ED-8EA1-B0D433DE7393}.Release|Any CPU.ActiveCfg = Release|Any CPU
		{F7ECA7CD-C484-42ED-8EA1-B0D433DE7393}.Release|Any CPU.Build.0 = Release|Any CPU
		{40B260DB-766D-4D48-834B-2EF0A6DF39BC}.Debug|Any CPU.ActiveCfg = Debug|Any CPU
		{40B260DB-766D-4D48-834B-2EF0A6DF39BC}.Debug|Any CPU.Build.0 = Debug|Any CPU
		{40B260DB-766D-4D48-834B-2EF0A6DF39BC}.Release|Any CPU.ActiveCfg = Release|Any CPU
		{40B260DB-766D-4D48-834B-2EF0A6DF39BC}.Release|Any CPU.Build.0 = Release|Any CPU
		{B90734BA-DCF2-412D-8900-3B340EF7E630}.Debug|Any CPU.ActiveCfg = Debug|Any CPU
		{B90734BA-DCF2-412D-8900-3B340EF7E630}.Debug|Any CPU.Build.0 = Debug|Any CPU
		{B90734BA-DCF2-412D-8900-3B340EF7E630}.Release|Any CPU.ActiveCfg = Release|Any CPU
		{B90734BA-DCF2-412D-8900-3B340EF7E630}.Release|Any CPU.Build.0 = Release|Any CPU
		{505B6DF2-1496-412D-A47B-1436735C007F}.Debug|Any CPU.ActiveCfg = Debug|Any CPU
		{505B6DF2-1496-412D-A47B-1436735C007F}.Debug|Any CPU.Build.0 = Debug|Any CPU
		{505B6DF2-1496-412D-A47B-1436735C007F}.Release|Any CPU.ActiveCfg = Release|Any CPU
		{505B6DF2-1496-412D-A47B-1436735C007F}.Release|Any CPU.Build.0 = Release|Any CPU
		{D7A88283-CA28-4B11-9D87-5715D9954CFE}.Debug|Any CPU.ActiveCfg = Debug|Any CPU
		{D7A88283-CA28-4B11-9D87-5715D9954CFE}.Debug|Any CPU.Build.0 = Debug|Any CPU
		{D7A88283-CA28-4B11-9D87-5715D9954CFE}.Release|Any CPU.ActiveCfg = Release|Any CPU
		{D7A88283-CA28-4B11-9D87-5715D9954CFE}.Release|Any CPU.Build.0 = Release|Any CPU
		{F6EA6FE9-D176-453F-9B16-246D6DAFEB54}.Debug|Any CPU.ActiveCfg = Debug|Any CPU
		{F6EA6FE9-D176-453F-9B16-246D6DAFEB54}.Debug|Any CPU.Build.0 = Debug|Any CPU
		{F6EA6FE9-D176-453F-9B16-246D6DAFEB54}.Release|Any CPU.ActiveCfg = Release|Any CPU
		{F6EA6FE9-D176-453F-9B16-246D6DAFEB54}.Release|Any CPU.Build.0 = Release|Any CPU
		{D80026C4-1AA1-4FB0-93BA-91AA8428D0C3}.Debug|Any CPU.ActiveCfg = Debug|Any CPU
		{D80026C4-1AA1-4FB0-93BA-91AA8428D0C3}.Debug|Any CPU.Build.0 = Debug|Any CPU
		{D80026C4-1AA1-4FB0-93BA-91AA8428D0C3}.Release|Any CPU.ActiveCfg = Release|Any CPU
		{D80026C4-1AA1-4FB0-93BA-91AA8428D0C3}.Release|Any CPU.Build.0 = Release|Any CPU
		{07250B1A-ACFD-4655-B6FC-2B5E1EC6FA2B}.Debug|Any CPU.ActiveCfg = Debug|Any CPU
		{07250B1A-ACFD-4655-B6FC-2B5E1EC6FA2B}.Debug|Any CPU.Build.0 = Debug|Any CPU
		{07250B1A-ACFD-4655-B6FC-2B5E1EC6FA2B}.Release|Any CPU.ActiveCfg = Release|Any CPU
		{07250B1A-ACFD-4655-B6FC-2B5E1EC6FA2B}.Release|Any CPU.Build.0 = Release|Any CPU
		{BF0F7F10-4AA3-4083-925B-0F524264050B}.Debug|Any CPU.ActiveCfg = Debug|Any CPU
		{BF0F7F10-4AA3-4083-925B-0F524264050B}.Debug|Any CPU.Build.0 = Debug|Any CPU
		{BF0F7F10-4AA3-4083-925B-0F524264050B}.Release|Any CPU.ActiveCfg = Release|Any CPU
		{BF0F7F10-4AA3-4083-925B-0F524264050B}.Release|Any CPU.Build.0 = Release|Any CPU
		{F97FB3F7-ED20-4AB2-AF26-6D8DC457110F}.Debug|Any CPU.ActiveCfg = Debug|Any CPU
		{F97FB3F7-ED20-4AB2-AF26-6D8DC457110F}.Debug|Any CPU.Build.0 = Debug|Any CPU
		{F97FB3F7-ED20-4AB2-AF26-6D8DC457110F}.Release|Any CPU.ActiveCfg = Release|Any CPU
		{F97FB3F7-ED20-4AB2-AF26-6D8DC457110F}.Release|Any CPU.Build.0 = Release|Any CPU
		{AAAD5974-2E5D-4258-B58F-1841C48F6EFD}.Debug|Any CPU.ActiveCfg = Debug|Any CPU
		{AAAD5974-2E5D-4258-B58F-1841C48F6EFD}.Debug|Any CPU.Build.0 = Debug|Any CPU
		{AAAD5974-2E5D-4258-B58F-1841C48F6EFD}.Release|Any CPU.ActiveCfg = Release|Any CPU
		{AAAD5974-2E5D-4258-B58F-1841C48F6EFD}.Release|Any CPU.Build.0 = Release|Any CPU
		{690AB8D3-445E-4D27-BEC0-1EC8C4B79C22}.Debug|Any CPU.ActiveCfg = Debug|Any CPU
		{690AB8D3-445E-4D27-BEC0-1EC8C4B79C22}.Debug|Any CPU.Build.0 = Debug|Any CPU
		{690AB8D3-445E-4D27-BEC0-1EC8C4B79C22}.Release|Any CPU.ActiveCfg = Release|Any CPU
		{690AB8D3-445E-4D27-BEC0-1EC8C4B79C22}.Release|Any CPU.Build.0 = Release|Any CPU
		{C53427BE-8B3C-4768-AFB5-74E3EF916930}.Debug|Any CPU.ActiveCfg = Debug|Any CPU
		{C53427BE-8B3C-4768-AFB5-74E3EF916930}.Debug|Any CPU.Build.0 = Debug|Any CPU
		{C53427BE-8B3C-4768-AFB5-74E3EF916930}.Release|Any CPU.ActiveCfg = Release|Any CPU
		{C53427BE-8B3C-4768-AFB5-74E3EF916930}.Release|Any CPU.Build.0 = Release|Any CPU
		{B2D4F919-791D-4442-8482-7FC6B16E1248}.Debug|Any CPU.ActiveCfg = Debug|Any CPU
		{B2D4F919-791D-4442-8482-7FC6B16E1248}.Debug|Any CPU.Build.0 = Debug|Any CPU
		{B2D4F919-791D-4442-8482-7FC6B16E1248}.Release|Any CPU.ActiveCfg = Release|Any CPU
		{B2D4F919-791D-4442-8482-7FC6B16E1248}.Release|Any CPU.Build.0 = Release|Any CPU
		{94567936-2E6C-4F12-846E-15FCDFEFDB0D}.Debug|Any CPU.ActiveCfg = Debug|Any CPU
		{94567936-2E6C-4F12-846E-15FCDFEFDB0D}.Debug|Any CPU.Build.0 = Debug|Any CPU
		{94567936-2E6C-4F12-846E-15FCDFEFDB0D}.Release|Any CPU.ActiveCfg = Release|Any CPU
		{94567936-2E6C-4F12-846E-15FCDFEFDB0D}.Release|Any CPU.Build.0 = Release|Any CPU
		{A1E94B61-5CD7-4594-8DA0-65CE23209AE3}.Debug|Any CPU.ActiveCfg = Debug|Any CPU
		{A1E94B61-5CD7-4594-8DA0-65CE23209AE3}.Debug|Any CPU.Build.0 = Debug|Any CPU
		{A1E94B61-5CD7-4594-8DA0-65CE23209AE3}.Release|Any CPU.ActiveCfg = Release|Any CPU
		{A1E94B61-5CD7-4594-8DA0-65CE23209AE3}.Release|Any CPU.Build.0 = Release|Any CPU
		{76291971-FB84-46DE-AB74-F7F3E3085264}.Debug|Any CPU.ActiveCfg = Debug|Any CPU
		{76291971-FB84-46DE-AB74-F7F3E3085264}.Debug|Any CPU.Build.0 = Debug|Any CPU
		{76291971-FB84-46DE-AB74-F7F3E3085264}.Release|Any CPU.ActiveCfg = Release|Any CPU
		{76291971-FB84-46DE-AB74-F7F3E3085264}.Release|Any CPU.Build.0 = Release|Any CPU
	EndGlobalSection
	GlobalSection(SolutionProperties) = preSolution
		HideSolutionNode = FALSE
	EndGlobalSection
	GlobalSection(NestedProjects) = preSolution
		{38E9FBA5-37FD-406D-B01A-0679DDD0A0EE} = {1EA8F256-D68C-4B5E-9821-CCED622FB8AB}
		{64706CD6-DFF4-4413-8BD0-A92A68599137} = {1EA8F256-D68C-4B5E-9821-CCED622FB8AB}
		{FC19AE09-DFD0-4B08-88EE-D2B01450A0FD} = {1EA8F256-D68C-4B5E-9821-CCED622FB8AB}
		{04D746B7-CE7A-4674-ABCD-C08A62EDE03D} = {1EA8F256-D68C-4B5E-9821-CCED622FB8AB}
		{E1DA51A8-9EFC-4E7E-92A6-2FAD13819679} = {BD4A7775-C1DE-4B0F-B857-9139C5755296}
		{4F1FC55A-BF55-408E-94AC-82A59E2A16A1} = {1EA8F256-D68C-4B5E-9821-CCED622FB8AB}
		{39CB2844-8517-4B39-BEA9-4773678701AC} = {BD4A7775-C1DE-4B0F-B857-9139C5755296}
		{6EE7F98C-C37A-4E0E-8BFB-A294DC561BF1} = {1EA8F256-D68C-4B5E-9821-CCED622FB8AB}
		{9447C684-3253-438C-B833-96A2B5866657} = {1EA8F256-D68C-4B5E-9821-CCED622FB8AB}
		{D1D19556-AAFB-4D36-AADC-45C5481C75D7} = {E7835376-A329-40B9-BD46-BC108695A0C0}
		{AC4A87CB-1EBE-4ABB-A3E1-29E1CCC85A57} = {1EA8F256-D68C-4B5E-9821-CCED622FB8AB}
		{B1ADE9D9-732A-452E-93D8-06674C85103C} = {1EA8F256-D68C-4B5E-9821-CCED622FB8AB}
		{40CB68A6-3C9F-492A-8582-487835E7D64D} = {BD4A7775-C1DE-4B0F-B857-9139C5755296}
		{110FD6BE-8B42-4844-A2FD-2DB9D4FE0FC4} = {BD4A7775-C1DE-4B0F-B857-9139C5755296}
		{B25BB3A4-5D0B-4ED3-B6B1-678D650B960F} = {E7835376-A329-40B9-BD46-BC108695A0C0}
		{F7ECA7CD-C484-42ED-8EA1-B0D433DE7393} = {E7835376-A329-40B9-BD46-BC108695A0C0}
		{40B260DB-766D-4D48-834B-2EF0A6DF39BC} = {2641FB80-11AC-400F-9329-9F183D8C57F7}
		{B90734BA-DCF2-412D-8900-3B340EF7E630} = {2641FB80-11AC-400F-9329-9F183D8C57F7}
		{505B6DF2-1496-412D-A47B-1436735C007F} = {BD4A7775-C1DE-4B0F-B857-9139C5755296}
		{D7A88283-CA28-4B11-9D87-5715D9954CFE} = {93E0E603-3F4F-456F-82F1-BA188B7F7075}
		{F6EA6FE9-D176-453F-9B16-246D6DAFEB54} = {93E0E603-3F4F-456F-82F1-BA188B7F7075}
		{D80026C4-1AA1-4FB0-93BA-91AA8428D0C3} = {BD4A7775-C1DE-4B0F-B857-9139C5755296}
		{07250B1A-ACFD-4655-B6FC-2B5E1EC6FA2B} = {BD4A7775-C1DE-4B0F-B857-9139C5755296}
		{BF0F7F10-4AA3-4083-925B-0F524264050B} = {BD4A7775-C1DE-4B0F-B857-9139C5755296}
		{F97FB3F7-ED20-4AB2-AF26-6D8DC457110F} = {BD4A7775-C1DE-4B0F-B857-9139C5755296}
		{AAAD5974-2E5D-4258-B58F-1841C48F6EFD} = {E7835376-A329-40B9-BD46-BC108695A0C0}
		{690AB8D3-445E-4D27-BEC0-1EC8C4B79C22} = {A8F4444F-ED98-4EC4-9B7A-3D28DB152192}
		{C53427BE-8B3C-4768-AFB5-74E3EF916930} = {A8F4444F-ED98-4EC4-9B7A-3D28DB152192}
		{B2D4F919-791D-4442-8482-7FC6B16E1248} = {2641FB80-11AC-400F-9329-9F183D8C57F7}
		{94567936-2E6C-4F12-846E-15FCDFEFDB0D} = {93E0E603-3F4F-456F-82F1-BA188B7F7075}
		{A1E94B61-5CD7-4594-8DA0-65CE23209AE3} = {A8F4444F-ED98-4EC4-9B7A-3D28DB152192}
		{76291971-FB84-46DE-AB74-F7F3E3085264} = {A8F4444F-ED98-4EC4-9B7A-3D28DB152192}
	EndGlobalSection
	GlobalSection(ExtensibilityGlobals) = postSolution
		SolutionGuid = {E0D34C57-5171-4DB7-9E34-07AB5990C06B}
	EndGlobalSection
EndGlobal
